
Microsoft Visual Studio Solution File, Format Version 12.00
# Visual Studio 2013
VisualStudioVersion = 12.0.21005.1
MinimumVisualStudioVersion = 10.0.40219.1
Project("{FAE04EC0-301F-11D3-BF4B-00C04F79EFBC}") = "MoqInjectionContainer", "MoqInjectionContainer\MoqInjectionContainer.csproj", "{A8D854DE-482C-4F15-9BC7-FE8A8041580D}"
EndProject
Project("{FAE04EC0-301F-11D3-BF4B-00C04F79EFBC}") = "MoqInjectionContainerTests", "MoqInjectionContainerTests\MoqInjectionContainerTests.csproj", "{695DBF3A-8187-4F48-B1CB-EEE037EE2800}"
EndProject
Global
	GlobalSection(CodealikeProperties) = postSolution
		SolutionGuid = f3bba1b6-ee2f-4a5a-91ad-8ae8d232f747
	EndGlobalSection
	GlobalSection(SolutionConfigurationPlatforms) = preSolution
		Debug|Any CPU = Debug|Any CPU
		Release|Any CPU = Release|Any CPU
	EndGlobalSection
	GlobalSection(ProjectConfigurationPlatforms) = postSolution
		{A8D854DE-482C-4F15-9BC7-FE8A8041580D}.Debug|Any CPU.ActiveCfg = Debug|Any CPU
		{A8D854DE-482C-4F15-9BC7-FE8A8041580D}.Debug|Any CPU.Build.0 = Debug|Any CPU
		{A8D854DE-482C-4F15-9BC7-FE8A8041580D}.Release|Any CPU.ActiveCfg = Release40|Any CPU
		{A8D854DE-482C-4F15-9BC7-FE8A8041580D}.Release|Any CPU.Build.0 = Release40|Any CPU
		{695DBF3A-8187-4F48-B1CB-EEE037EE2800}.Debug|Any CPU.ActiveCfg = Debug|Any CPU
		{695DBF3A-8187-4F48-B1CB-EEE037EE2800}.Debug|Any CPU.Build.0 = Debug|Any CPU
		{695DBF3A-8187-4F48-B1CB-EEE037EE2800}.Release|Any CPU.ActiveCfg = Release|Any CPU
		{695DBF3A-8187-4F48-B1CB-EEE037EE2800}.Release|Any CPU.Build.0 = Release|Any CPU
	EndGlobalSection
	GlobalSection(SolutionProperties) = preSolution
		HideSolutionNode = FALSE
	EndGlobalSection
EndGlobal
