
Microsoft Visual Studio Solution File, Format Version 12.00
# Visual Studio Version 16
VisualStudioVersion = 16.0.29806.167
MinimumVisualStudioVersion = 10.0.40219.1
Project("{FAE04EC0-301F-11D3-BF4B-00C04F79EFBC}") = "Moqqer", "Moqqer\Moqqer.csproj", "{A8D854DE-482C-4F15-9BC7-FE8A8041580D}"
EndProject
Project("{FAE04EC0-301F-11D3-BF4B-00C04F79EFBC}") = "Moqqer.Tests", "Moqqer.Tests\Moqqer.Tests.csproj", "{695DBF3A-8187-4F48-B1CB-EEE037EE2800}"
EndProject
Project("{2150E333-8FDC-42A3-9474-1A3956D46DE8}") = "Solution Items", "Solution Items", "{D81E9A7B-3B60-4DBB-B792-64BC558B3391}"
	ProjectSection(SolutionItems) = preProject
		README.md = README.md
	EndProjectSection
EndProject
Global
	GlobalSection(SolutionConfigurationPlatforms) = preSolution
		Debug|Any CPU = Debug|Any CPU
		Release|Any CPU = Release|Any CPU
		Release40|Any CPU = Release40|Any CPU
	EndGlobalSection
	GlobalSection(ProjectConfigurationPlatforms) = postSolution
		{A8D854DE-482C-4F15-9BC7-FE8A8041580D}.Debug|Any CPU.ActiveCfg = Debug|Any CPU
		{A8D854DE-482C-4F15-9BC7-FE8A8041580D}.Debug|Any CPU.Build.0 = Debug|Any CPU
		{A8D854DE-482C-4F15-9BC7-FE8A8041580D}.Release|Any CPU.ActiveCfg = Release|Any CPU
		{A8D854DE-482C-4F15-9BC7-FE8A8041580D}.Release|Any CPU.Build.0 = Release|Any CPU
		{A8D854DE-482C-4F15-9BC7-FE8A8041580D}.Release40|Any CPU.ActiveCfg = Release|Any CPU
		{A8D854DE-482C-4F15-9BC7-FE8A8041580D}.Release40|Any CPU.Build.0 = Release|Any CPU
		{695DBF3A-8187-4F48-B1CB-EEE037EE2800}.Debug|Any CPU.ActiveCfg = Debug|Any CPU
		{695DBF3A-8187-4F48-B1CB-EEE037EE2800}.Debug|Any CPU.Build.0 = Debug|Any CPU
		{695DBF3A-8187-4F48-B1CB-EEE037EE2800}.Release|Any CPU.ActiveCfg = Release|Any CPU
		{695DBF3A-8187-4F48-B1CB-EEE037EE2800}.Release|Any CPU.Build.0 = Release|Any CPU
		{695DBF3A-8187-4F48-B1CB-EEE037EE2800}.Release40|Any CPU.ActiveCfg = Release|Any CPU
		{695DBF3A-8187-4F48-B1CB-EEE037EE2800}.Release40|Any CPU.Build.0 = Release|Any CPU
	EndGlobalSection
	GlobalSection(SolutionProperties) = preSolution
		HideSolutionNode = FALSE
	EndGlobalSection
	GlobalSection(ExtensibilityGlobals) = postSolution
		SolutionGuid = {8E432C1F-B2B7-4D97-97CF-18B154D45668}
	EndGlobalSection
	GlobalSection(CodealikeProperties) = postSolution
		SolutionGuid = f3bba1b6-ee2f-4a5a-91ad-8ae8d232f747
	EndGlobalSection
EndGlobal
